# THIS IS AN AUTOGENERATED FILE. DO NOT EDIT THIS FILE DIRECTLY.
# yarn lockfile v1


"@vue/reactivity@^3.2.6":
  version "3.2.6"
  resolved "https://registry.nlark.com/@vue/reactivity/download/@vue/reactivity-3.2.6.tgz?cache=0&sync_timestamp=1629824253192&other_urls=https%3A%2F%2Fregistry.nlark.com%2F%40vue%2Freactivity%2Fdownload%2F%40vue%2Freactivity-3.2.6.tgz#b8993fa6f48545178e588e25a9c9431a1c1b7d50"
  integrity sha1-uJk/pvSFRReOWI4lqclDGhwbfVA=
  dependencies:
    "@vue/shared" "3.2.6"

"@vue/shared@3.2.6":
  version "3.2.6"
  resolved "https://registry.nlark.com/@vue/shared/download/@vue/shared-3.2.6.tgz#2c22bae88fe2b7b59fa68a9c9c4cd60bae2c1794"
  integrity sha1-LCK66I/it7WfpoqcnEzWC64sF5Q=
